
Microsoft Visual Studio Solution File, Format Version 12.00
# Visual Studio Version 16
VisualStudioVersion = 16.0.31019.35
MinimumVisualStudioVersion = 10.0.40219.1
Project("{FAE04EC0-301F-11D3-BF4B-00C04F79EFBC}") = "TestWork", "TestWork\TestWork.csproj", "{00520889-90C5-444C-AD10-F7F9C9779BD0}"
EndProject
Global
	GlobalSection(SolutionConfigurationPlatforms) = preSolution
		Debug|Any CPU = Debug|Any CPU
		Release|Any CPU = Release|Any CPU
	EndGlobalSection
	GlobalSection(ProjectConfigurationPlatforms) = postSolution
		{00520889-90C5-444C-AD10-F7F9C9779BD0}.Debug|Any CPU.ActiveCfg = Debug|Any CPU
		{00520889-90C5-444C-AD10-F7F9C9779BD0}.Debug|Any CPU.Build.0 = Debug|Any CPU
		{00520889-90C5-444C-AD10-F7F9C9779BD0}.Release|Any CPU.ActiveCfg = Release|Any CPU
		{00520889-90C5-444C-AD10-F7F9C9779BD0}.Release|Any CPU.Build.0 = Release|Any CPU
	EndGlobalSection
	GlobalSection(SolutionProperties) = preSolution
		HideSolutionNode = FALSE
	EndGlobalSection
	GlobalSection(ExtensibilityGlobals) = postSolution
		SolutionGuid = {D5FE9A01-A701-4FF2-8D26-485275917047}
	EndGlobalSection
EndGlobal
